// !$*UTF8*$!
{
	archiveVersion = 1;
	classes = {
	};
	objectVersion = 56;
	objects = {

/* Begin PBXBuildFile section */
		AA000001 /* AppDelegate.swift in Sources */              = {isa = PBXBuildFile; fileRef = AA100001; };
		AA000002 /* BluetoothHIDManager.swift in Sources */      = {isa = PBXBuildFile; fileRef = AA100002; };
		AA000003 /* HIDDescriptors.swift in Sources */           = {isa = PBXBuildFile; fileRef = AA100003; };
		AA000004 /* KeyboardInterceptor.swift in Sources */      = {isa = PBXBuildFile; fileRef = AA100004; };
		AA000005 /* StatusBarController.swift in Sources */      = {isa = PBXBuildFile; fileRef = AA100005; };
		AA000007 /* main.swift in Sources */                     = {isa = PBXBuildFile; fileRef = AA100007; };
		AA000008 /* MouseInterceptor.swift in Sources */         = {isa = PBXBuildFile; fileRef = AA100008; };
		AA000009 /* PreferencesWindowController.swift in Sources */ = {isa = PBXBuildFile; fileRef = AA100009; };
		AA000010 /* CoreBluetooth.framework in Frameworks */     = {isa = PBXBuildFile; fileRef = AA100010; };
		AA000011 /* Cocoa.framework in Frameworks */             = {isa = PBXBuildFile; fileRef = AA100011; };
		AA000012 /* IOKit.framework in Frameworks */             = {isa = PBXBuildFile; fileRef = AA100012; };
/* End PBXBuildFile section */

/* Begin PBXFileReference section */
		AA100001 /* AppDelegate.swift */                  = {isa = PBXFileReference; lastKnownFileType = sourcecode.swift; path = AppDelegate.swift; sourceTree = "<group>"; };
		AA100002 /* BluetoothHIDManager.swift */          = {isa = PBXFileReference; lastKnownFileType = sourcecode.swift; path = BluetoothHIDManager.swift; sourceTree = "<group>"; };
		AA100003 /* HIDDescriptors.swift */               = {isa = PBXFileReference; lastKnownFileType = sourcecode.swift; path = HIDDescriptors.swift; sourceTree = "<group>"; };
		AA100004 /* KeyboardInterceptor.swift */          = {isa = PBXFileReference; lastKnownFileType = sourcecode.swift; path = KeyboardInterceptor.swift; sourceTree = "<group>"; };
		AA100005 /* StatusBarController.swift */          = {isa = PBXFileReference; lastKnownFileType = sourcecode.swift; path = StatusBarController.swift; sourceTree = "<group>"; };
		AA100006 /* Info.plist */                         = {isa = PBXFileReference; lastKnownFileType = text.plist.xml; path = Info.plist; sourceTree = "<group>"; };
		AA100007 /* main.swift */                         = {isa = PBXFileReference; lastKnownFileType = sourcecode.swift; path = main.swift; sourceTree = "<group>"; };
		AA100008 /* MouseInterceptor.swift */             = {isa = PBXFileReference; lastKnownFileType = sourcecode.swift; path = MouseInterceptor.swift; sourceTree = "<group>"; };
		AA100009 /* PreferencesWindowController.swift */  = {isa = PBXFileReference; lastKnownFileType = sourcecode.swift; path = PreferencesWindowController.swift; sourceTree = "<group>"; };
		AA100010 /* CoreBluetooth.framework */            = {isa = PBXFileReference; lastKnownFileType = wrapper.framework; name = CoreBluetooth.framework; path = System/Library/Frameworks/CoreBluetooth.framework; sourceTree = SDKROOT; };
		AA100011 /* Cocoa.framework */                    = {isa = PBXFileReference; lastKnownFileType = wrapper.framework; name = Cocoa.framework; path = System/Library/Frameworks/Cocoa.framework; sourceTree = SDKROOT; };
		AA100012 /* IOKit.framework */                    = {isa = PBXFileReference; lastKnownFileType = wrapper.framework; name = IOKit.framework; path = System/Library/Frameworks/IOKit.framework; sourceTree = SDKROOT; };
		AA100013 /* BluetoothKeyboardBroadcaster.entitlements */ = {isa = PBXFileReference; lastKnownFileType = text.plist.entitlements; path = BluetoothKeyboardBroadcaster.entitlements; sourceTree = "<group>"; };
		AA200000 /* BluetoothKeyboardBroadcaster.app */   = {isa = PBXFileReference; explicitFileType = wrapper.application; includeInIndex = 0; path = BluetoothKeyboardBroadcaster.app; sourceTree = BUILT_PRODUCTS_DIR; };
/* End PBXFileReference section */

/* Begin PBXFrameworksBuildPhase section */
		AA300001 /* Frameworks */ = {
			isa = PBXFrameworksBuildPhase;
			buildActionMask = 2147483647;
			files = (
				AA000010 /* CoreBluetooth.framework in Frameworks */,
				AA000011 /* Cocoa.framework in Frameworks */,
				AA000012 /* IOKit.framework in Frameworks */,
			);
			runOnlyForDeploymentPostprocessing = 0;
		};
/* End PBXFrameworksBuildPhase section */

/* Begin PBXGroup section */
		AA400000 /* BluetoothKeyboardBroadcaster */ = {
			isa = PBXGroup;
			children = (
				AA100007 /* main.swift */,
				AA100001 /* AppDelegate.swift */,
				AA100005 /* StatusBarController.swift */,
				AA100002 /* BluetoothHIDManager.swift */,
				AA100003 /* HIDDescriptors.swift */,
				AA100004 /* KeyboardInterceptor.swift */,
				AA100008 /* MouseInterceptor.swift */,
				AA100009 /* PreferencesWindowController.swift */,
				AA100006 /* Info.plist */,
				AA100013 /* BluetoothKeyboardBroadcaster.entitlements */,
			);
			path = BluetoothKeyboardBroadcaster;
			sourceTree = "<group>";
		};
		AA400001 /* Frameworks */ = {
			isa = PBXGroup;
			children = (
				AA100010 /* CoreBluetooth.framework */,
				AA100011 /* Cocoa.framework */,
				AA100012 /* IOKit.framework */,
			);
			name = Frameworks;
			sourceTree = "<group>";
		};
		AA400002 /* Products */ = {
			isa = PBXGroup;
			children = (
				AA200000 /* BluetoothKeyboardBroadcaster.app */,
			);
			name = Products;
			sourceTree = "<group>";
		};
		AA400003 = {
			isa = PBXGroup;
			children = (
				AA400000 /* BluetoothKeyboardBroadcaster */,
				AA400001 /* Frameworks */,
				AA400002 /* Products */,
			);
			sourceTree = "<group>";
		};
/* End PBXGroup section */

/* Begin PBXNativeTarget section */
		AA500000 /* BluetoothKeyboardBroadcaster */ = {
			isa = PBXNativeTarget;
			buildConfigurationList = AA600001;
			buildPhases = (
				AA300001 /* Frameworks */,
				AA700000 /* Sources */,
				AA700001 /* Resources */,
			);
			buildRules = ();
			dependencies = ();
			name = BluetoothKeyboardBroadcaster;
			productName = BluetoothKeyboardBroadcaster;
			productReference = AA200000;
			productType = "com.apple.product-type.application";
		};
/* End PBXNativeTarget section */

/* Begin PBXProject section */
		AA800000 /* Project object */ = {
			isa = PBXProject;
			attributes = {
				BuildIndependentTargetsInParallel = 1;
				LastSwiftUpdateCheck = 1500;
				LastUpgradeCheck = 1500;
				TargetAttributes = {
					AA500000 = {
						CreatedOnToolsVersion = 15.0;
					};
				};
			};
			buildConfigurationList = AA600000;
			compatibilityVersion = "Xcode 14.0";
			developmentRegion = en;
			hasScannedForEncodings = 0;
			knownRegions = (en, Base);
			mainGroup = AA400003;
			productRefGroup = AA400002;
			projectDirPath = "";
			projectRoot = "";
			targets = (AA500000);
		};
/* End PBXProject section */

/* Begin PBXResourcesBuildPhase section */
		AA700001 /* Resources */ = {
			isa = PBXResourcesBuildPhase;
			buildActionMask = 2147483647;
			files = ();
			runOnlyForDeploymentPostprocessing = 0;
		};
/* End PBXResourcesBuildPhase section */

/* Begin PBXSourcesBuildPhase section */
		AA700000 /* Sources */ = {
			isa = PBXSourcesBuildPhase;
			buildActionMask = 2147483647;
			files = (
				AA000007 /* main.swift in Sources */,
				AA000001 /* AppDelegate.swift in Sources */,
				AA000005 /* StatusBarController.swift in Sources */,
				AA000002 /* BluetoothHIDManager.swift in Sources */,
				AA000003 /* HIDDescriptors.swift in Sources */,
				AA000004 /* KeyboardInterceptor.swift in Sources */,
				AA000008 /* MouseInterceptor.swift in Sources */,
				AA000009 /* PreferencesWindowController.swift in Sources */,
			);
			runOnlyForDeploymentPostprocessing = 0;
		};
/* End PBXSourcesBuildPhase section */

/* Begin XCBuildConfiguration section */
		AA600010 /* Debug */ = {
			isa = XCBuildConfiguration;
			buildSettings = {
				ALWAYS_SEARCH_USER_PATHS = NO;
				CLANG_CXX_LANGUAGE_STANDARD = "gnu++20";
				CLANG_ENABLE_MODULES = YES;
				CLANG_ENABLE_OBJC_ARC = YES;
				CLANG_ENABLE_OBJC_WEAK = YES;
				CLANG_WARN_BLOCK_CAPTURE_AUTORELEASING = YES;
				CLANG_WARN_BOOL_CONVERSION = YES;
				CLANG_WARN_COMMA = YES;
				CLANG_WARN_CONSTANT_CONVERSION = YES;
				CLANG_WARN_DEPRECATED_OBJC_IMPLEMENTATIONS = YES;
				CLANG_WARN_DIRECT_OBJC_ISA_USAGE = YES_ERROR;
				CLANG_WARN_EMPTY_BODY = YES;
				CLANG_WARN_ENUM_CONVERSION = YES;
				CLANG_WARN_INFINITE_RECURSION = YES;
				CLANG_WARN_INT_CONVERSION = YES;
				CLANG_WARN_NON_LITERAL_NULL_CONVERSION = YES;
				CLANG_WARN_OBJC_IMPLICIT_RETAIN_CYCLE = YES;
				CLANG_WARN_OBJC_LITERAL_CONVERSION = YES;
				CLANG_WARN_OBJC_ROOT_CLASS = YES_ERROR;
				CLANG_WARN_RANGE_LOOP_ANALYSIS = YES;
				CLANG_WARN_STRICT_PROTOTYPES = YES;
				CLANG_WARN_SUSPICIOUS_MOVE = YES;
				CLANG_WARN_UNREACHABLE_CODE = YES;
				CLANG_WARN__DUPLICATE_METHOD_MATCH = YES;
				COPY_PHASE_STRIP = NO;
				DEBUG_INFORMATION_FORMAT = dwarf;
				ENABLE_STRICT_OBJC_MSGSEND = YES;
				ENABLE_TESTABILITY = YES;
				GCC_C_LANGUAGE_STANDARD = gnu17;
				GCC_DYNAMIC_NO_PIC = NO;
				GCC_NO_COMMON_BLOCKS = YES;
				GCC_OPTIMIZATION_LEVEL = 0;
				GCC_PREPROCESSOR_DEFINITIONS = ("DEBUG=1", "$(inherited)");
				GCC_WARN_64_TO_32_BIT_CONVERSION = YES;
				GCC_WARN_ABOUT_RETURN_TYPE = YES_ERROR;
				GCC_WARN_UNDECLARED_SELECTOR = YES;
				GCC_WARN_UNINITIALIZED_AUTOS = YES_AGGRESSIVE;
				GCC_WARN_UNUSED_FUNCTION = YES;
				GCC_WARN_UNUSED_VARIABLE = YES;
				MACOSX_DEPLOYMENT_TARGET = 12.0;
				MTL_FAST_MATH = YES;
				ONLY_ACTIVE_ARCH = YES;
				SDKROOT = macosx;
				SWIFT_ACTIVE_COMPILATION_CONDITIONS = DEBUG;
				SWIFT_OPTIMIZATION_LEVEL = "-Onone";
			};
			name = Debug;
		};
		AA600011 /* Release */ = {
			isa = XCBuildConfiguration;
			buildSettings = {
				ALWAYS_SEARCH_USER_PATHS = NO;
				CLANG_CXX_LANGUAGE_STANDARD = "gnu++20";
				CLANG_ENABLE_MODULES = YES;
				CLANG_ENABLE_OBJC_ARC = YES;
				CLANG_ENABLE_OBJC_WEAK = YES;
				CLANG_WARN_BLOCK_CAPTURE_AUTORELEASING = YES;
				CLANG_WARN_BOOL_CONVERSION = YES;
				CLANG_WARN_COMMA = YES;
				CLANG_WARN_CONSTANT_CONVERSION = YES;
				CLANG_WARN_DEPRECATED_OBJC_IMPLEMENTATIONS = YES;
				CLANG_WARN_DIRECT_OBJC_ISA_USAGE = YES_ERROR;
				CLANG_WARN_EMPTY_BODY = YES;
				CLANG_WARN_ENUM_CONVERSION = YES;
				CLANG_WARN_INFINITE_RECURSION = YES;
				CLANG_WARN_INT_CONVERSION = YES;
				CLANG_WARN_NON_LITERAL_NULL_CONVERSION = YES;
				CLANG_WARN_OBJC_IMPLICIT_RETAIN_CYCLE = YES;
				CLANG_WARN_OBJC_LITERAL_CONVERSION = YES;
				CLANG_WARN_OBJC_ROOT_CLASS = YES_ERROR;
				CLANG_WARN_RANGE_LOOP_ANALYSIS = YES;
				CLANG_WARN_STRICT_PROTOTYPES = YES;
				CLANG_WARN_SUSPICIOUS_MOVE = YES;
				CLANG_WARN_UNREACHABLE_CODE = YES;
				CLANG_WARN__DUPLICATE_METHOD_MATCH = YES;
				COPY_PHASE_STRIP = NO;
				DEBUG_INFORMATION_FORMAT = "dwarf-with-dsym";
				ENABLE_NS_ASSERTIONS = NO;
				ENABLE_STRICT_OBJC_MSGSEND = YES;
				GCC_C_LANGUAGE_STANDARD = gnu17;
				GCC_NO_COMMON_BLOCKS = YES;
				GCC_WARN_64_TO_32_BIT_CONVERSION = YES;
				GCC_WARN_ABOUT_RETURN_TYPE = YES_ERROR;
				GCC_WARN_UNDECLARED_SELECTOR = YES;
				GCC_WARN_UNINITIALIZED_AUTOS = YES_AGGRESSIVE;
				GCC_WARN_UNUSED_FUNCTION = YES;
				GCC_WARN_UNUSED_VARIABLE = YES;
				MACOSX_DEPLOYMENT_TARGET = 12.0;
				MTL_FAST_MATH = YES;
				SDKROOT = macosx;
				SWIFT_COMPILATION_MODE = wholemodule;
				SWIFT_OPTIMIZATION_LEVEL = "-O";
			};
			name = Release;
		};
		AA600020 /* Debug */ = {
			isa = XCBuildConfiguration;
			buildSettings = {
				CODE_SIGN_ENTITLEMENTS = BluetoothKeyboardBroadcaster/BluetoothKeyboardBroadcaster.entitlements;
				CODE_SIGN_STYLE = Automatic;
				COMBINE_HIDPI_IMAGES = YES;
				CURRENT_PROJECT_VERSION = 1;
				ENABLE_HARDENED_RUNTIME = YES;
				GENERATE_INFOPLIST_FILE = NO;
				INFOPLIST_FILE = BluetoothKeyboardBroadcaster/Info.plist;
				LD_RUNPATH_SEARCH_PATHS = ("$(inherited)", "@executable_path/../Frameworks");
				MARKETING_VERSION = 1.0;
				PRODUCT_BUNDLE_IDENTIFIER = com.bluetoothkeyboardbroadcaster.app;
				PRODUCT_NAME = "$(TARGET_NAME)";
				SWIFT_EMIT_LOC_STRINGS = YES;
				SWIFT_VERSION = 5.0;
				SYMROOT = build;
			};
			name = Debug;
		};
		AA600021 /* Release */ = {
			isa = XCBuildConfiguration;
			buildSettings = {
				CODE_SIGN_ENTITLEMENTS = BluetoothKeyboardBroadcaster/BluetoothKeyboardBroadcaster.entitlements;
				CODE_SIGN_STYLE = Automatic;
				COMBINE_HIDPI_IMAGES = YES;
				CURRENT_PROJECT_VERSION = 1;
				ENABLE_HARDENED_RUNTIME = YES;
				GENERATE_INFOPLIST_FILE = NO;
				INFOPLIST_FILE = BluetoothKeyboardBroadcaster/Info.plist;
				LD_RUNPATH_SEARCH_PATHS = ("$(inherited)", "@executable_path/../Frameworks");
				MARKETING_VERSION = 1.0;
				PRODUCT_BUNDLE_IDENTIFIER = com.bluetoothkeyboardbroadcaster.app;
				PRODUCT_NAME = "$(TARGET_NAME)";
				SWIFT_EMIT_LOC_STRINGS = YES;
				SWIFT_VERSION = 5.0;
				SYMROOT = build;
			};
			name = Release;
		};
/* End XCBuildConfiguration section */

/* Begin XCConfigurationList section */
		AA600000 /* Build configuration list for PBXProject */ = {
			isa = XCConfigurationList;
			buildConfigurations = (AA600010 /* Debug */, AA600011 /* Release */);
			defaultConfigurationIsVisible = 0;
			defaultConfigurationName = Release;
		};
		AA600001 /* Build configuration list for PBXNativeTarget */ = {
			isa = XCConfigurationList;
			buildConfigurations = (AA600020 /* Debug */, AA600021 /* Release */);
			defaultConfigurationIsVisible = 0;
			defaultConfigurationName = Release;
		};
/* End XCConfigurationList section */

	};
	rootObject = AA800000 /* Project object */;
}
